
Microsoft Visual Studio Solution File, Format Version 12.00
# Visual Studio Version 17
VisualStudioVersion = 17.4.33205.214
MinimumVisualStudioVersion = 10.0.40219.1
Project("{FAE04EC0-301F-11D3-BF4B-00C04F79EFBC}") = "3Dengine", "3Dengine\3Dengine.csproj", "{C046FCF6-CA6D-4465-824B-82F1F4B8BD88}"
EndProject
Global
	GlobalSection(SolutionConfigurationPlatforms) = preSolution
		Debug|Any CPU = Debug|Any CPU
		Release|Any CPU = Release|Any CPU
	EndGlobalSection
	GlobalSection(ProjectConfigurationPlatforms) = postSolution
		{C046FCF6-CA6D-4465-824B-82F1F4B8BD88}.Debug|Any CPU.ActiveCfg = Debug|Any CPU
		{C046FCF6-CA6D-4465-824B-82F1F4B8BD88}.Debug|Any CPU.Build.0 = Debug|Any CPU
		{C046FCF6-CA6D-4465-824B-82F1F4B8BD88}.Release|Any CPU.ActiveCfg = Release|Any CPU
		{C046FCF6-CA6D-4465-824B-82F1F4B8BD88}.Release|Any CPU.Build.0 = Release|Any CPU
	EndGlobalSection
	GlobalSection(SolutionProperties) = preSolution
		HideSolutionNode = FALSE
	EndGlobalSection
	GlobalSection(ExtensibilityGlobals) = postSolution
		SolutionGuid = {D5B8FE5B-74A8-4439-A191-E0C1BCD9D905}
	EndGlobalSection
EndGlobal
